
Microsoft Visual Studio Solution File, Format Version 12.00
# Visual Studio Version 16
VisualStudioVersion = 25.0.1703.0
MinimumVisualStudioVersion = 10.0.40219.1
Project("{FAE04EC0-301F-11D3-BF4B-00C04F79EFBC}") = "HoneyRyderTask.WebAPI", "HoneyRyderTask.WebAPI\HoneyRyderTask.WebAPI.csproj", "{6521E15C-1A55-45FD-85D3-21E78F1D32B1}"
EndProject
Project("{FAE04EC0-301F-11D3-BF4B-00C04F79EFBC}") = "HoneyRyderTask.Domain", "HoneyRyderTask.Domain\HoneyRyderTask.Domain.csproj", "{969EADCA-416E-49B7-8C84-3F85F0EDA78C}"
EndProject
Project("{FAE04EC0-301F-11D3-BF4B-00C04F79EFBC}") = "HoneyRyderTask.UseCase", "HoneyRyderTask.UseCase\HoneyRyderTask.UseCase.csproj", "{70328538-93AF-4451-A788-622A8B382874}"
EndProject
Project("{FAE04EC0-301F-11D3-BF4B-00C04F79EFBC}") = "HoneyRyderTask.Infrastructure", "HoneyRyderTask.Infrastructure\HoneyRyderTask.Infrastructure.csproj", "{BA0BAD22-3BF0-4B18-B199-E6098200D4D1}"
EndProject
Project("{FAE04EC0-301F-11D3-BF4B-00C04F79EFBC}") = "HoneyRyderTaskTest", "HoneyRyderTaskTest\HoneyRyderTaskTest.csproj", "{76CCD77C-1A7B-4372-BDA6-B4E96C8AF590}"
EndProject
Project("{FAE04EC0-301F-11D3-BF4B-00C04F79EFBC}") = "HoneyRyderTask.Shared", "HoneyRyderTask.Shared\HoneyRyderTask.Shared.csproj", "{1DC801F7-F5EA-461D-AB95-892C0BC47984}"
EndProject
Global
	GlobalSection(SolutionConfigurationPlatforms) = preSolution
		Debug|Any CPU = Debug|Any CPU
		Release|Any CPU = Release|Any CPU
	EndGlobalSection
	GlobalSection(ProjectConfigurationPlatforms) = postSolution
		{6521E15C-1A55-45FD-85D3-21E78F1D32B1}.Debug|Any CPU.ActiveCfg = Debug|Any CPU
		{6521E15C-1A55-45FD-85D3-21E78F1D32B1}.Debug|Any CPU.Build.0 = Debug|Any CPU
		{6521E15C-1A55-45FD-85D3-21E78F1D32B1}.Release|Any CPU.ActiveCfg = Release|Any CPU
		{6521E15C-1A55-45FD-85D3-21E78F1D32B1}.Release|Any CPU.Build.0 = Release|Any CPU
		{969EADCA-416E-49B7-8C84-3F85F0EDA78C}.Debug|Any CPU.ActiveCfg = Debug|Any CPU
		{969EADCA-416E-49B7-8C84-3F85F0EDA78C}.Debug|Any CPU.Build.0 = Debug|Any CPU
		{969EADCA-416E-49B7-8C84-3F85F0EDA78C}.Release|Any CPU.ActiveCfg = Release|Any CPU
		{969EADCA-416E-49B7-8C84-3F85F0EDA78C}.Release|Any CPU.Build.0 = Release|Any CPU
		{70328538-93AF-4451-A788-622A8B382874}.Debug|Any CPU.ActiveCfg = Debug|Any CPU
		{70328538-93AF-4451-A788-622A8B382874}.Debug|Any CPU.Build.0 = Debug|Any CPU
		{70328538-93AF-4451-A788-622A8B382874}.Release|Any CPU.ActiveCfg = Release|Any CPU
		{70328538-93AF-4451-A788-622A8B382874}.Release|Any CPU.Build.0 = Release|Any CPU
		{BA0BAD22-3BF0-4B18-B199-E6098200D4D1}.Debug|Any CPU.ActiveCfg = Debug|Any CPU
		{BA0BAD22-3BF0-4B18-B199-E6098200D4D1}.Debug|Any CPU.Build.0 = Debug|Any CPU
		{BA0BAD22-3BF0-4B18-B199-E6098200D4D1}.Release|Any CPU.ActiveCfg = Release|Any CPU
		{BA0BAD22-3BF0-4B18-B199-E6098200D4D1}.Release|Any CPU.Build.0 = Release|Any CPU
		{76CCD77C-1A7B-4372-BDA6-B4E96C8AF590}.Debug|Any CPU.ActiveCfg = Debug|Any CPU
		{76CCD77C-1A7B-4372-BDA6-B4E96C8AF590}.Debug|Any CPU.Build.0 = Debug|Any CPU
		{76CCD77C-1A7B-4372-BDA6-B4E96C8AF590}.Release|Any CPU.ActiveCfg = Release|Any CPU
		{76CCD77C-1A7B-4372-BDA6-B4E96C8AF590}.Release|Any CPU.Build.0 = Release|Any CPU
		{1DC801F7-F5EA-461D-AB95-892C0BC47984}.Debug|Any CPU.ActiveCfg = Debug|Any CPU
		{1DC801F7-F5EA-461D-AB95-892C0BC47984}.Debug|Any CPU.Build.0 = Debug|Any CPU
		{1DC801F7-F5EA-461D-AB95-892C0BC47984}.Release|Any CPU.ActiveCfg = Release|Any CPU
		{1DC801F7-F5EA-461D-AB95-892C0BC47984}.Release|Any CPU.Build.0 = Release|Any CPU
	EndGlobalSection
	GlobalSection(SolutionProperties) = preSolution
		HideSolutionNode = FALSE
	EndGlobalSection
	GlobalSection(ExtensibilityGlobals) = postSolution
		SolutionGuid = {C0E32D1B-5E2E-4053-960F-F9F61B60A51B}
	EndGlobalSection
EndGlobal
